# This file is automatically @generated by Cargo.
# It is not intended for manual editing.
version = 4

[[package]]
name = "crab-pi"
version = "0.1.0"

[[package]]
name = "gpio"
version = "0.1.0"
dependencies = [
 "crab-pi",
]

[[package]]
name = "test-println"
version = "0.1.0"
dependencies = [
 "crab-pi",
]
